// !$*UTF8*$!
{
	archiveVersion = 1;
	classes = {
	};
	objectVersion = 77;
	objects = {

/* Begin PBXContainerItemProxy section */
		419737382CA3E4D80096C2D7 /* PBXContainerItemProxy */ = {
			isa = PBXContainerItemProxy;
			containerPortal = 4197371B2CA3E4D50096C2D7 /* Project object */;
			proxyType = 1;
			remoteGlobalIDString = 419737222CA3E4D50096C2D7;
			remoteInfo = JustPDF;
		};
		419737422CA3E4D80096C2D7 /* PBXContainerItemProxy */ = {
			isa = PBXContainerItemProxy;
			containerPortal = 4197371B2CA3E4D50096C2D7 /* Project object */;
			proxyType = 1;
			remoteGlobalIDString = 419737222CA3E4D50096C2D7;
			remoteInfo = JustPDF;
		};
/* End PBXContainerItemProxy section */

/* Begin PBXFileReference section */
		419737232CA3E4D50096C2D7 /* JustPDF.app */ = {isa = PBXFileReference; explicitFileType = wrapper.application; includeInIndex = 0; path = JustPDF.app; sourceTree = BUILT_PRODUCTS_DIR; };
		419737372CA3E4D80096C2D7 /* JustPDFTests.xctest */ = {isa = PBXFileReference; explicitFileType = wrapper.cfbundle; includeInIndex = 0; path = JustPDFTests.xctest; sourceTree = BUILT_PRODUCTS_DIR; };
		419737412CA3E4D80096C2D7 /* JustPDFUITests.xctest */ = {isa = PBXFileReference; explicitFileType = wrapper.cfbundle; includeInIndex = 0; path = JustPDFUITests.xctest; sourceTree = BUILT_PRODUCTS_DIR; };
/* End PBXFileReference section */

/* Begin PBXFileSystemSynchronizedBuildFileExceptionSet section */
		419737492CA3E4D80096C2D7 /* Exceptions for "JustPDF" folder in "JustPDF" target */ = {
			isa = PBXFileSystemSynchronizedBuildFileExceptionSet;
			membershipExceptions = (
				Info.plist,
			);
			target = 419737222CA3E4D50096C2D7 /* JustPDF */;
		};
/* End PBXFileSystemSynchronizedBuildFileExceptionSet section */

/* Begin PBXFileSystemSynchronizedRootGroup section */
		419737252CA3E4D50096C2D7 /* JustPDF */ = {
			isa = PBXFileSystemSynchronizedRootGroup;
			exceptions = (
				419737492CA3E4D80096C2D7 /* Exceptions for "JustPDF" folder in "JustPDF" target */,
			);
			path = JustPDF;
			sourceTree = "<group>";
		};
		4197373A2CA3E4D80096C2D7 /* JustPDFTests */ = {
			isa = PBXFileSystemSynchronizedRootGroup;
			path = JustPDFTests;
			sourceTree = "<group>";
		};
		419737442CA3E4D80096C2D7 /* JustPDFUITests */ = {
			isa = PBXFileSystemSynchronizedRootGroup;
			path = JustPDFUITests;
			sourceTree = "<group>";
		};
/* End PBXFileSystemSynchronizedRootGroup section */

/* Begin PBXFrameworksBuildPhase section */
		419737202CA3E4D50096C2D7 /* Frameworks */ = {
			isa = PBXFrameworksBuildPhase;
			buildActionMask = 2147483647;
			files = (
			);
			runOnlyForDeploymentPostprocessing = 0;
		};
		419737342CA3E4D80096C2D7 /* Frameworks */ = {
			isa = PBXFrameworksBuildPhase;
			buildActionMask = 2147483647;
			files = (
			);
			runOnlyForDeploymentPostprocessing = 0;
		};
		4197373E2CA3E4D80096C2D7 /* Frameworks */ = {
			isa = PBXFrameworksBuildPhase;
			buildActionMask = 2147483647;
			files = (
			);
			runOnlyForDeploymentPostprocessing = 0;
		};
/* End PBXFrameworksBuildPhase section */

/* Begin PBXGroup section */
		4197371A2CA3E4D50096C2D7 = {
			isa = PBXGroup;
			children = (
				419737252CA3E4D50096C2D7 /* JustPDF */,
				4197373A2CA3E4D80096C2D7 /* JustPDFTests */,
				419737442CA3E4D80096C2D7 /* JustPDFUITests */,
				419737242CA3E4D50096C2D7 /* Products */,
			);
			sourceTree = "<group>";
		};
		419737242CA3E4D50096C2D7 /* Products */ = {
			isa = PBXGroup;
			children = (
				419737232CA3E4D50096C2D7 /* JustPDF.app */,
				419737372CA3E4D80096C2D7 /* JustPDFTests.xctest */,
				419737412CA3E4D80096C2D7 /* JustPDFUITests.xctest */,
			);
			name = Products;
			sourceTree = "<group>";
		};
/* End PBXGroup section */

/* Begin PBXNativeTarget section */
		419737222CA3E4D50096C2D7 /* JustPDF */ = {
			isa = PBXNativeTarget;
			buildConfigurationList = 4197374A2CA3E4D80096C2D7 /* Build configuration list for PBXNativeTarget "JustPDF" */;
			buildPhases = (
				4197371F2CA3E4D50096C2D7 /* Sources */,
				419737202CA3E4D50096C2D7 /* Frameworks */,
				419737212CA3E4D50096C2D7 /* Resources */,
			);
			buildRules = (
			);
			dependencies = (
			);
			fileSystemSynchronizedGroups = (
				419737252CA3E4D50096C2D7 /* JustPDF */,
			);
			name = JustPDF;
			packageProductDependencies = (
			);
			productName = JustPDF;
			productReference = 419737232CA3E4D50096C2D7 /* JustPDF.app */;
			productType = "com.apple.product-type.application";
		};
		419737362CA3E4D80096C2D7 /* JustPDFTests */ = {
			isa = PBXNativeTarget;
			buildConfigurationList = 4197374F2CA3E4D80096C2D7 /* Build configuration list for PBXNativeTarget "JustPDFTests" */;
			buildPhases = (
				419737332CA3E4D80096C2D7 /* Sources */,
				419737342CA3E4D80096C2D7 /* Frameworks */,
				419737352CA3E4D80096C2D7 /* Resources */,
			);
			buildRules = (
			);
			dependencies = (
				419737392CA3E4D80096C2D7 /* PBXTargetDependency */,
			);
			fileSystemSynchronizedGroups = (
				4197373A2CA3E4D80096C2D7 /* JustPDFTests */,
			);
			name = JustPDFTests;
			packageProductDependencies = (
			);
			productName = JustPDFTests;
			productReference = 419737372CA3E4D80096C2D7 /* JustPDFTests.xctest */;
			productType = "com.apple.product-type.bundle.unit-test";
		};
		419737402CA3E4D80096C2D7 /* JustPDFUITests */ = {
			isa = PBXNativeTarget;
			buildConfigurationList = 419737522CA3E4D80096C2D7 /* Build configuration list for PBXNativeTarget "JustPDFUITests" */;
			buildPhases = (
				4197373D2CA3E4D80096C2D7 /* Sources */,
				4197373E2CA3E4D80096C2D7 /* Frameworks */,
				4197373F2CA3E4D80096C2D7 /* Resources */,
			);
			buildRules = (
			);
			dependencies = (
				419737432CA3E4D80096C2D7 /* PBXTargetDependency */,
			);
			fileSystemSynchronizedGroups = (
				419737442CA3E4D80096C2D7 /* JustPDFUITests */,
			);
			name = JustPDFUITests;
			packageProductDependencies = (
			);
			productName = JustPDFUITests;
			productReference = 419737412CA3E4D80096C2D7 /* JustPDFUITests.xctest */;
			productType = "com.apple.product-type.bundle.ui-testing";
		};
/* End PBXNativeTarget section */

/* Begin PBXProject section */
		4197371B2CA3E4D50096C2D7 /* Project object */ = {
			isa = PBXProject;
			attributes = {
				BuildIndependentTargetsInParallel = 1;
				LastSwiftUpdateCheck = 1600;
				LastUpgradeCheck = 1600;
				TargetAttributes = {
					419737222CA3E4D50096C2D7 = {
						CreatedOnToolsVersion = 16.0;
					};
					419737362CA3E4D80096C2D7 = {
						CreatedOnToolsVersion = 16.0;
						TestTargetID = 419737222CA3E4D50096C2D7;
					};
					419737402CA3E4D80096C2D7 = {
						CreatedOnToolsVersion = 16.0;
						TestTargetID = 419737222CA3E4D50096C2D7;
					};
				};
			};
			buildConfigurationList = 4197371E2CA3E4D50096C2D7 /* Build configuration list for PBXProject "JustPDF" */;
			developmentRegion = en;
			hasScannedForEncodings = 0;
			knownRegions = (
				en,
				Base,
			);
			mainGroup = 4197371A2CA3E4D50096C2D7;
			minimizedProjectReferenceProxies = 1;
			preferredProjectObjectVersion = 77;
			productRefGroup = 419737242CA3E4D50096C2D7 /* Products */;
			projectDirPath = "";
			projectRoot = "";
			targets = (
				419737222CA3E4D50096C2D7 /* JustPDF */,
				419737362CA3E4D80096C2D7 /* JustPDFTests */,
				419737402CA3E4D80096C2D7 /* JustPDFUITests */,
			);
		};
/* End PBXProject section */

/* Begin PBXResourcesBuildPhase section */
		419737212CA3E4D50096C2D7 /* Resources */ = {
			isa = PBXResourcesBuildPhase;
			buildActionMask = 2147483647;
			files = (
			);
			runOnlyForDeploymentPostprocessing = 0;
		};
		419737352CA3E4D80096C2D7 /* Resources */ = {
			isa = PBXResourcesBuildPhase;
			buildActionMask = 2147483647;
			files = (
			);
			runOnlyForDeploymentPostprocessing = 0;
		};
		4197373F2CA3E4D80096C2D7 /* Resources */ = {
			isa = PBXResourcesBuildPhase;
			buildActionMask = 2147483647;
			files = (
			);
			runOnlyForDeploymentPostprocessing = 0;
		};
/* End PBXResourcesBuildPhase section */

/* Begin PBXSourcesBuildPhase section */
		4197371F2CA3E4D50096C2D7 /* Sources */ = {
			isa = PBXSourcesBuildPhase;
			buildActionMask = 2147483647;
			files = (
			);
			runOnlyForDeploymentPostprocessing = 0;
		};
		419737332CA3E4D80096C2D7 /* Sources */ = {
			isa = PBXSourcesBuildPhase;
			buildActionMask = 2147483647;
			files = (
			);
			runOnlyForDeploymentPostprocessing = 0;
		};
		4197373D2CA3E4D80096C2D7 /* Sources */ = {
			isa = PBXSourcesBuildPhase;
			buildActionMask = 2147483647;
			files = (
			);
			runOnlyForDeploymentPostprocessing = 0;
		};
/* End PBXSourcesBuildPhase section */

/* Begin PBXTargetDependency section */
		419737392CA3E4D80096C2D7 /* PBXTargetDependency */ = {
			isa = PBXTargetDependency;
			target = 419737222CA3E4D50096C2D7 /* JustPDF */;
			targetProxy = 419737382CA3E4D80096C2D7 /* PBXContainerItemProxy */;
		};
		419737432CA3E4D80096C2D7 /* PBXTargetDependency */ = {
			isa = PBXTargetDependency;
			target = 419737222CA3E4D50096C2D7 /* JustPDF */;
			targetProxy = 419737422CA3E4D80096C2D7 /* PBXContainerItemProxy */;
		};
/* End PBXTargetDependency section */

/* Begin XCBuildConfiguration section */
		4197374B2CA3E4D80096C2D7 /* Debug */ = {
			isa = XCBuildConfiguration;
			buildSettings = {
				ASSETCATALOG_COMPILER_APPICON_NAME = AppIcon;
				ASSETCATALOG_COMPILER_GLOBAL_ACCENT_COLOR_NAME = AccentColor;
				CODE_SIGN_ENTITLEMENTS = JustPDF/JustPDF.entitlements;
				CODE_SIGN_STYLE = Manual;
				COMBINE_HIDPI_IMAGES = YES;
				CURRENT_PROJECT_VERSION = 20241011.0;
				DEVELOPMENT_ASSET_PATHS = "\"JustPDF/Preview Content\"";
				DEVELOPMENT_TEAM = "";
				"DEVELOPMENT_TEAM[sdk=macosx*]" = VVQ63VY9TS;
				ENABLE_PREVIEWS = YES;
				GENERATE_INFOPLIST_FILE = YES;
				INFOPLIST_FILE = JustPDF/Info.plist;
				INFOPLIST_KEY_LSApplicationCategoryType = "public.app-category.utilities";
				INFOPLIST_KEY_NSHumanReadableCopyright = "";
				LD_RUNPATH_SEARCH_PATHS = (
					"$(inherited)",
					"@executable_path/../Frameworks",
				);
				MARKETING_VERSION = 1.0.0;
				PRODUCT_BUNDLE_IDENTIFIER = ak.JustPDF;
				PRODUCT_NAME = "$(TARGET_NAME)";
				PROVISIONING_PROFILE_SPECIFIER = "";
				SDKROOT = macosx;
				SWIFT_EMIT_LOC_STRINGS = YES;
				SWIFT_VERSION = 6.0;
			};
			name = Debug;
		};
		4197374C2CA3E4D80096C2D7 /* Release */ = {
			isa = XCBuildConfiguration;
			buildSettings = {
				ASSETCATALOG_COMPILER_APPICON_NAME = AppIcon;
				ASSETCATALOG_COMPILER_GLOBAL_ACCENT_COLOR_NAME = AccentColor;
				CODE_SIGN_ENTITLEMENTS = JustPDF/JustPDF.entitlements;
				CODE_SIGN_IDENTITY = "Apple Development";
				CODE_SIGN_STYLE = Automatic;
				COMBINE_HIDPI_IMAGES = YES;
				CURRENT_PROJECT_VERSION = 20241011.0;
				DEVELOPMENT_ASSET_PATHS = "\"JustPDF/Preview Content\"";
				DEVELOPMENT_TEAM = QXA39URDX5;
				ENABLE_PREVIEWS = YES;
				GENERATE_INFOPLIST_FILE = YES;
				INFOPLIST_FILE = JustPDF/Info.plist;
				INFOPLIST_KEY_LSApplicationCategoryType = "public.app-category.utilities";
				INFOPLIST_KEY_NSHumanReadableCopyright = "";
				LD_RUNPATH_SEARCH_PATHS = (
					"$(inherited)",
					"@executable_path/../Frameworks",
				);
				MARKETING_VERSION = 1.0.0;
				PRODUCT_BUNDLE_IDENTIFIER = vision.thed.JustPDF;
				PRODUCT_NAME = "$(TARGET_NAME)";
				PROVISIONING_PROFILE_SPECIFIER = "";
				SDKROOT = macosx;
				SWIFT_EMIT_LOC_STRINGS = YES;
				SWIFT_VERSION = 6.0;
			};
			name = Release;
		};
		4197374D2CA3E4D80096C2D7 /* Debug */ = {
			isa = XCBuildConfiguration;
			buildSettings = {
				ALWAYS_SEARCH_USER_PATHS = NO;
				ASSETCATALOG_COMPILER_GENERATE_SWIFT_ASSET_SYMBOL_EXTENSIONS = YES;
				CLANG_ANALYZER_NONNULL = YES;
				CLANG_ANALYZER_NUMBER_OBJECT_CONVERSION = YES_AGGRESSIVE;
				CLANG_CXX_LANGUAGE_STANDARD = "gnu++20";
				CLANG_ENABLE_MODULES = YES;
				CLANG_ENABLE_OBJC_ARC = YES;
				CLANG_ENABLE_OBJC_WEAK = YES;
				CLANG_TIDY_BUGPRONE_REDUNDANT_BRANCH_CONDITION = YES;
				CLANG_TIDY_MISC_REDUNDANT_EXPRESSION = YES;
				CLANG_WARN_BLOCK_CAPTURE_AUTORELEASING = YES;
				CLANG_WARN_BOOL_CONVERSION = YES;
				CLANG_WARN_COMMA = YES;
				CLANG_WARN_CONSTANT_CONVERSION = YES;
				CLANG_WARN_DEPRECATED_OBJC_IMPLEMENTATIONS = YES;
				CLANG_WARN_DIRECT_OBJC_ISA_USAGE = YES_ERROR;
				CLANG_WARN_DOCUMENTATION_COMMENTS = YES;
				CLANG_WARN_EMPTY_BODY = YES;
				CLANG_WARN_ENUM_CONVERSION = YES;
				CLANG_WARN_INFINITE_RECURSION = YES;
				CLANG_WARN_INT_CONVERSION = YES;
				CLANG_WARN_NON_LITERAL_NULL_CONVERSION = YES;
				CLANG_WARN_OBJC_IMPLICIT_RETAIN_SELF = YES;
				CLANG_WARN_OBJC_LITERAL_CONVERSION = YES;
				CLANG_WARN_OBJC_ROOT_CLASS = YES_ERROR;
				CLANG_WARN_QUOTED_INCLUDE_IN_FRAMEWORK_HEADER = YES;
				CLANG_WARN_RANGE_LOOP_ANALYSIS = YES;
				CLANG_WARN_STRICT_PROTOTYPES = YES;
				CLANG_WARN_SUSPICIOUS_MOVE = YES;
				CLANG_WARN_UNGUARDED_AVAILABILITY = YES_AGGRESSIVE;
				CLANG_WARN_UNREACHABLE_CODE = YES;
				CLANG_WARN__DUPLICATE_METHOD_MATCH = YES;
				COPY_PHASE_STRIP = NO;
				DEBUG_INFORMATION_FORMAT = dwarf;
				ENABLE_APP_SANDBOX = YES;
				ENABLE_HARDENED_RUNTIME = YES;
				ENABLE_STRICT_OBJC_MSGSEND = YES;
				ENABLE_TESTABILITY = YES;
				ENABLE_USER_SCRIPT_SANDBOXING = YES;
				ENABLE_USER_SELECTED_FILES = readonly;
				GCC_C_LANGUAGE_STANDARD = gnu17;
				GCC_DYNAMIC_NO_PIC = NO;
				GCC_NO_COMMON_BLOCKS = YES;
				GCC_OPTIMIZATION_LEVEL = 0;
				GCC_PREPROCESSOR_DEFINITIONS = (
					"DEBUG=1",
					"$(inherited)",
				);
				GCC_WARN_64_TO_32_BIT_CONVERSION = YES;
				GCC_WARN_ABOUT_RETURN_TYPE = YES_ERROR;
				GCC_WARN_UNDECLARED_SELECTOR = YES;
				GCC_WARN_UNINITIALIZED_AUTOS = YES_AGGRESSIVE;
				GCC_WARN_UNUSED_FUNCTION = YES;
				GCC_WARN_UNUSED_VARIABLE = YES;
				INFOPLIST_KEY_LSApplicationCategoryType = "public.app-category.utilities";
				LOCALIZATION_PREFERS_STRING_CATALOGS = YES;
				MACOSX_DEPLOYMENT_TARGET = 15.0;
				MTL_ENABLE_DEBUG_INFO = INCLUDE_SOURCE;
				MTL_FAST_MATH = YES;
				ONLY_ACTIVE_ARCH = YES;
				SDKROOT = macosx;
				SWIFT_ACTIVE_COMPILATION_CONDITIONS = "DEBUG $(inherited)";
				SWIFT_OPTIMIZATION_LEVEL = "-Onone";
			};
			name = Debug;
		};
		4197374E2CA3E4D80096C2D7 /* Release */ = {
			isa = XCBuildConfiguration;
			buildSettings = {
				ALWAYS_SEARCH_USER_PATHS = NO;
				ASSETCATALOG_COMPILER_GENERATE_SWIFT_ASSET_SYMBOL_EXTENSIONS = YES;
				CLANG_ANALYZER_NONNULL = YES;
				CLANG_ANALYZER_NUMBER_OBJECT_CONVERSION = YES_AGGRESSIVE;
				CLANG_CXX_LANGUAGE_STANDARD = "gnu++20";
				CLANG_ENABLE_MODULES = YES;
				CLANG_ENABLE_OBJC_ARC = YES;
				CLANG_ENABLE_OBJC_WEAK = YES;
				CLANG_TIDY_BUGPRONE_REDUNDANT_BRANCH_CONDITION = YES;
				CLANG_TIDY_MISC_REDUNDANT_EXPRESSION = YES;
				CLANG_WARN_BLOCK_CAPTURE_AUTORELEASING = YES;
				CLANG_WARN_BOOL_CONVERSION = YES;
				CLANG_WARN_COMMA = YES;
				CLANG_WARN_CONSTANT_CONVERSION = YES;
				CLANG_WARN_DEPRECATED_OBJC_IMPLEMENTATIONS = YES;
				CLANG_WARN_DIRECT_OBJC_ISA_USAGE = YES_ERROR;
				CLANG_WARN_DOCUMENTATION_COMMENTS = YES;
				CLANG_WARN_EMPTY_BODY = YES;
				CLANG_WARN_ENUM_CONVERSION = YES;
				CLANG_WARN_INFINITE_RECURSION = YES;
				CLANG_WARN_INT_CONVERSION = YES;
				CLANG_WARN_NON_LITERAL_NULL_CONVERSION = YES;
				CLANG_WARN_OBJC_IMPLICIT_RETAIN_SELF = YES;
				CLANG_WARN_OBJC_LITERAL_CONVERSION = YES;
				CLANG_WARN_OBJC_ROOT_CLASS = YES_ERROR;
				CLANG_WARN_QUOTED_INCLUDE_IN_FRAMEWORK_HEADER = YES;
				CLANG_WARN_RANGE_LOOP_ANALYSIS = YES;
				CLANG_WARN_STRICT_PROTOTYPES = YES;
				CLANG_WARN_SUSPICIOUS_MOVE = YES;
				CLANG_WARN_UNGUARDED_AVAILABILITY = YES_AGGRESSIVE;
				CLANG_WARN_UNREACHABLE_CODE = YES;
				CLANG_WARN__DUPLICATE_METHOD_MATCH = YES;
				COPY_PHASE_STRIP = NO;
				DEBUG_INFORMATION_FORMAT = "dwarf-with-dsym";
				ENABLE_APP_SANDBOX = YES;
				ENABLE_HARDENED_RUNTIME = YES;
				ENABLE_NS_ASSERTIONS = NO;
				ENABLE_STRICT_OBJC_MSGSEND = YES;
				ENABLE_USER_SCRIPT_SANDBOXING = YES;
				ENABLE_USER_SELECTED_FILES = readonly;
				GCC_C_LANGUAGE_STANDARD = gnu17;
				GCC_NO_COMMON_BLOCKS = YES;
				GCC_WARN_64_TO_32_BIT_CONVERSION = YES;
				GCC_WARN_ABOUT_RETURN_TYPE = YES_ERROR;
				GCC_WARN_UNDECLARED_SELECTOR = YES;
				GCC_WARN_UNINITIALIZED_AUTOS = YES_AGGRESSIVE;
				GCC_WARN_UNUSED_FUNCTION = YES;
				GCC_WARN_UNUSED_VARIABLE = YES;
				INFOPLIST_KEY_LSApplicationCategoryType = "public.app-category.utilities";
				LOCALIZATION_PREFERS_STRING_CATALOGS = YES;
				MACOSX_DEPLOYMENT_TARGET = 15.0;
				MTL_ENABLE_DEBUG_INFO = NO;
				MTL_FAST_MATH = YES;
				SDKROOT = macosx;
				SWIFT_COMPILATION_MODE = wholemodule;
			};
			name = Release;
		};
		419737502CA3E4D80096C2D7 /* Debug */ = {
			isa = XCBuildConfiguration;
			buildSettings = {
				BUNDLE_LOADER = "$(TEST_HOST)";
				CODE_SIGN_STYLE = Automatic;
				CURRENT_PROJECT_VERSION = 1;
				GENERATE_INFOPLIST_FILE = YES;
				MACOSX_DEPLOYMENT_TARGET = 15.0;
				MARKETING_VERSION = 1.0;
				PRODUCT_BUNDLE_IDENTIFIER = ak.JustPDFTests;
				PRODUCT_NAME = "$(TARGET_NAME)";
				SWIFT_EMIT_LOC_STRINGS = NO;
				SWIFT_VERSION = 5.0;
				TEST_HOST = "$(BUILT_PRODUCTS_DIR)/JustPDF.app/$(BUNDLE_EXECUTABLE_FOLDER_PATH)/JustPDF";
			};
			name = Debug;
		};
		419737512CA3E4D80096C2D7 /* Release */ = {
			isa = XCBuildConfiguration;
			buildSettings = {
				BUNDLE_LOADER = "$(TEST_HOST)";
				CODE_SIGN_STYLE = Automatic;
				CURRENT_PROJECT_VERSION = 1;
				GENERATE_INFOPLIST_FILE = YES;
				MACOSX_DEPLOYMENT_TARGET = 15.0;
				MARKETING_VERSION = 1.0;
				PRODUCT_BUNDLE_IDENTIFIER = ak.JustPDFTests;
				PRODUCT_NAME = "$(TARGET_NAME)";
				SWIFT_EMIT_LOC_STRINGS = NO;
				SWIFT_VERSION = 5.0;
				TEST_HOST = "$(BUILT_PRODUCTS_DIR)/JustPDF.app/$(BUNDLE_EXECUTABLE_FOLDER_PATH)/JustPDF";
			};
			name = Release;
		};
		419737532CA3E4D80096C2D7 /* Debug */ = {
			isa = XCBuildConfiguration;
			buildSettings = {
				CODE_SIGN_STYLE = Automatic;
				CURRENT_PROJECT_VERSION = 1;
				GENERATE_INFOPLIST_FILE = YES;
				MARKETING_VERSION = 1.0;
				PRODUCT_BUNDLE_IDENTIFIER = ak.JustPDFUITests;
				PRODUCT_NAME = "$(TARGET_NAME)";
				SWIFT_EMIT_LOC_STRINGS = NO;
				SWIFT_VERSION = 5.0;
				TEST_TARGET_NAME = JustPDF;
			};
			name = Debug;
		};
		419737542CA3E4D80096C2D7 /* Release */ = {
			isa = XCBuildConfiguration;
			buildSettings = {
				CODE_SIGN_STYLE = Automatic;
				CURRENT_PROJECT_VERSION = 1;
				GENERATE_INFOPLIST_FILE = YES;
				MARKETING_VERSION = 1.0;
				PRODUCT_BUNDLE_IDENTIFIER = ak.JustPDFUITests;
				PRODUCT_NAME = "$(TARGET_NAME)";
				SWIFT_EMIT_LOC_STRINGS = NO;
				SWIFT_VERSION = 5.0;
				TEST_TARGET_NAME = JustPDF;
			};
			name = Release;
		};
/* End XCBuildConfiguration section */

/* Begin XCConfigurationList section */
		4197371E2CA3E4D50096C2D7 /* Build configuration list for PBXProject "JustPDF" */ = {
			isa = XCConfigurationList;
			buildConfigurations = (
				4197374D2CA3E4D80096C2D7 /* Debug */,
				4197374E2CA3E4D80096C2D7 /* Release */,
			);
			defaultConfigurationIsVisible = 0;
			defaultConfigurationName = Release;
		};
		4197374A2CA3E4D80096C2D7 /* Build configuration list for PBXNativeTarget "JustPDF" */ = {
			isa = XCConfigurationList;
			buildConfigurations = (
				4197374B2CA3E4D80096C2D7 /* Debug */,
				4197374C2CA3E4D80096C2D7 /* Release */,
			);
			defaultConfigurationIsVisible = 0;
			defaultConfigurationName = Release;
		};
		4197374F2CA3E4D80096C2D7 /* Build configuration list for PBXNativeTarget "JustPDFTests" */ = {
			isa = XCConfigurationList;
			buildConfigurations = (
				419737502CA3E4D80096C2D7 /* Debug */,
				419737512CA3E4D80096C2D7 /* Release */,
			);
			defaultConfigurationIsVisible = 0;
			defaultConfigurationName = Release;
		};
		419737522CA3E4D80096C2D7 /* Build configuration list for PBXNativeTarget "JustPDFUITests" */ = {
			isa = XCConfigurationList;
			buildConfigurations = (
				419737532CA3E4D80096C2D7 /* Debug */,
				419737542CA3E4D80096C2D7 /* Release */,
			);
			defaultConfigurationIsVisible = 0;
			defaultConfigurationName = Release;
		};
/* End XCConfigurationList section */
	};
	rootObject = 4197371B2CA3E4D50096C2D7 /* Project object */;
}
